
Microsoft Visual Studio Solution File, Format Version 12.00
# Visual Studio Version 17
VisualStudioVersion = 17.11.35327.3
MinimumVisualStudioVersion = 10.0.40219.1
Project("{FAE04EC0-301F-11D3-BF4B-00C04F79EFBC}") = "HPlusSport.API", "HPlusSport.API\HPlusSport.API.csproj", "{4D3BC993-6CB1-43DF-8059-55A58EA0BDE5}"
EndProject
Global
	GlobalSection(SolutionConfigurationPlatforms) = preSolution
		Debug|Any CPU = Debug|Any CPU
		Release|Any CPU = Release|Any CPU
	EndGlobalSection
	GlobalSection(ProjectConfigurationPlatforms) = postSolution
		{4D3BC993-6CB1-43DF-8059-55A58EA0BDE5}.Debug|Any CPU.ActiveCfg = Debug|Any CPU
		{4D3BC993-6CB1-43DF-8059-55A58EA0BDE5}.Debug|Any CPU.Build.0 = Debug|Any CPU
		{4D3BC993-6CB1-43DF-8059-55A58EA0BDE5}.Release|Any CPU.ActiveCfg = Release|Any CPU
		{4D3BC993-6CB1-43DF-8059-55A58EA0BDE5}.Release|Any CPU.Build.0 = Release|Any CPU
	EndGlobalSection
	GlobalSection(SolutionProperties) = preSolution
		HideSolutionNode = FALSE
	EndGlobalSection
	GlobalSection(ExtensibilityGlobals) = postSolution
		SolutionGuid = {85EFB290-5906-4606-B559-8B00C54E1E14}
	EndGlobalSection
EndGlobal
